
Microsoft Visual Studio Solution File, Format Version 12.00
# Visual Studio Version 17
VisualStudioVersion = 17.3.32901.215
MinimumVisualStudioVersion = 10.0.40219.1
Project("{FAE04EC0-301F-11D3-BF4B-00C04F79EFBC}") = "Mainproject", "Mainproject\Mainproject.csproj", "{CD375A8C-8D38-4262-A587-6E6BA4E08861}"
EndProject
Global
	GlobalSection(SolutionConfigurationPlatforms) = preSolution
		Debug|Any CPU = Debug|Any CPU
		Release|Any CPU = Release|Any CPU
	EndGlobalSection
	GlobalSection(ProjectConfigurationPlatforms) = postSolution
		{CD375A8C-8D38-4262-A587-6E6BA4E08861}.Debug|Any CPU.ActiveCfg = Debug|Any CPU
		{CD375A8C-8D38-4262-A587-6E6BA4E08861}.Debug|Any CPU.Build.0 = Debug|Any CPU
		{CD375A8C-8D38-4262-A587-6E6BA4E08861}.Release|Any CPU.ActiveCfg = Release|Any CPU
		{CD375A8C-8D38-4262-A587-6E6BA4E08861}.Release|Any CPU.Build.0 = Release|Any CPU
	EndGlobalSection
	GlobalSection(SolutionProperties) = preSolution
		HideSolutionNode = FALSE
	EndGlobalSection
	GlobalSection(ExtensibilityGlobals) = postSolution
		SolutionGuid = {A4C051AD-E409-4CC7-A7BB-F0E38CA85980}
	EndGlobalSection
EndGlobal
